{
    "_meta": {
        "hash": {
            "sha256": "e6b1f52946eaa2a9ada0303557e01275f1c8f726cfca2a98367df712b06150d6"
        },
        "pipfile-spec": 6,
        "requires": {
            "python_version": "3.8"
        },
        "sources": [
            {
                "name": "pypi",
                "url": "https://pypi.org/simple",
                "verify_ssl": true
            }
        ]
    },
    "default": {
        "numpy": {
            "hashes": [
                "sha256:0cfe07133fd00b27edee5e6385e333e9eeb010607e8a46e1cd673f05f8596595",
                "sha256:11a1f3816ea82eed4178102c56281782690ab5993251fdfd75039aad4d20385f",
                "sha256:2762331de395739c91f1abb88041f94a080cb1143aeec791b3b223976228af3f",
                "sha256:283d9de87c0133ef98f93dfc09fad3fb382f2a15580de75c02b5bb36a5a159a5",
                "sha256:3d22662b4b10112c545c91a0741f2436f8ca979ab3d69d03d19322aa970f9695",
                "sha256:41388e32e40b41dd56eb37fcaa7488b2b47b0adf77c66154d6b89622c110dfe9",
                "sha256:42c16cec1c8cf2728f1d539bd55aaa9d6bb48a7de2f41eb944697293ef65a559",
                "sha256:47ee7a839f5885bc0c63a74aabb91f6f40d7d7b639253768c4199b37aede7982",
                "sha256:5a311ee4d983c487a0ab546708edbdd759393a3dc9cd30305170149fedd23c88",
                "sha256:5dc65644f75a4c2970f21394ad8bea1a844104f0fe01f278631be1c7eae27226",
                "sha256:6ed0d073a9c54ac40c41a9c2d53fcc3d4d4ed607670b9e7b0de1ba13b4cbfe6f",
                "sha256:76ba7c40e80f9dc815c5e896330700fd6e20814e69da9c1267d65a4d051080f1",
                "sha256:818b9be7900e8dc23e013a92779135623476f44a0de58b40c32a15368c01d471",
                "sha256:a024181d7aef0004d76fb3bce2a4c9f2e67a609a9e2a6ff2571d30e9976aa383",
                "sha256:a955e4128ac36797aaffd49ab44ec74a71c11d6938df83b1285492d277db5397",
                "sha256:a97a954a8c2f046d3817c2bce16e3c7e9a9c2afffaf0400f5c16df5172a67c9c",
                "sha256:a97e82c39d9856fe7d4f9b86d8a1e66eff99cf3a8b7ba48202f659703d27c46f",
                "sha256:b55b953a1bdb465f4dc181758570d321db4ac23005f90ffd2b434cc6609a63dd",
                "sha256:bb02929b0d6bfab4c48a79bd805bd7419114606947ec8284476167415171f55b",
                "sha256:bece0a4a49e60e472a6d1f70ac6cdea00f9ab80ff01132f96bd970cdd8a9e5a9",
                "sha256:e41e8951749c4b5c9a2dc5fdbc1a4eec6ab2a140fdae9b460b0f557eed870f4d",
                "sha256:f71d57cc8645f14816ae249407d309be250ad8de93ef61d9709b45a0ddf4050c"
            ],
            "index": "pypi",
            "version": "==1.22.0"
        },
        "opencv-python": {
            "hashes": [
                "sha256:156e2954d5b38b676e8a24d66703cf15f252e24ec49db7e842a8b5eed46074ba",
                "sha256:1bf486680a16d739f7852a62865b72eb7692df584694815774ba97b471b8bc3f",
                "sha256:1ea08f22246ccd33174d59edfa3f13930bf2c28096568242090bd9d8770fb8a8",
                "sha256:210ab40c8c9dadc7dc9ed7beebe2e0a2415a744f8d6857762a80c8e0fcc477c8",
                "sha256:2ec6502bfac01b27ac06daf7bc9f7a4f482a6a0d8e1b30e15c411d478454a19f",
                "sha256:2fe704e35808cf6b17b793e89fd00e9ef7779f85f274666a4e092671aedd09c0",
                "sha256:4b93b5f8df187e4dba9fb25c46fa8cf342c257de144f7c86d75c06416566a199",
                "sha256:55e1d7a2d11c40ea5b53aabe5c4122038803c7d492505c8f93af077aa7fe2ce1",
                "sha256:677f61332436e22f83a1e4e6f6863a760734fbc8029ba6a8ef0af4554cde6f93",
                "sha256:76ddc6daf8607eda1d866395dcf98526ef96f3e616d8c37ccc7629f9aaf6d4d4",
                "sha256:c4f1e9d963c8f370284afa87fcf521cc8439a610a500bf8ede27fd64dd9050bd",
                "sha256:c93b1198c85175a9fa9a9839c4da55c7ab9c5f57256f2e4211cd6c91d7d422e8",
                "sha256:d765c44827778cbe6bc8f272cd61514e8509b93fd24dd3324cd4abddf2026b11",
                "sha256:eb709245e56f6693d297f8818ff8e6c017fa80fdb5a923c64be623a678c7150e",
                "sha256:ef4ac758a4e2caee80ef9c86b83a279d6f132c9e7ae77957cf74013928814e05",
                "sha256:f67c1d92ff96c6c106f786b7ef9b9ab448fa03ef28cb7bb6f0f7b857b65bc158",
                "sha256:f6fa2834d85c78865ca6e3de563916086cb8c83c3f2ef80924fcd07005f05df9",
                "sha256:fa1a6d149a1a5e0bc54c737a59fe38d75384a092ae5e35f9b876fbb621f755c6",
                "sha256:fd457deedcf153dd6805a2b4d891ac2a0969566d3755fbf48a3ffb53978c9ed1"
            ],
            "index": "pypi",
            "version": "==4.3.0.36"
        },
        "pillow": {
            "hashes": [
                "sha256:088df396b047477dd1bbc7de6e22f58400dae2f21310d9e2ec2933b2ef7dfa4f",
                "sha256:09e67ef6e430f90caa093528bd758b0616f8165e57ed8d8ce014ae32df6a831d",
                "sha256:0b4d5ad2cd3a1f0d1df882d926b37dbb2ab6c823ae21d041b46910c8f8cd844b",
                "sha256:0b525a356680022b0af53385944026d3486fc8c013638cf9900eb87c866afb4c",
                "sha256:1d4331aeb12f6b3791911a6da82de72257a99ad99726ed6b63f481c0184b6fb9",
                "sha256:20d514c989fa28e73a5adbddd7a171afa5824710d0ab06d4e1234195d2a2e546",
                "sha256:2b291cab8a888658d72b575a03e340509b6b050b62db1f5539dd5cd18fd50578",
                "sha256:3f6c1716c473ebd1649663bf3b42702d0d53e27af8b64642be0dd3598c761fb1",
                "sha256:42dfefbef90eb67c10c45a73a9bc1599d4dac920f7dfcbf4ec6b80cb620757fe",
                "sha256:488f3383cf5159907d48d32957ac6f9ea85ccdcc296c14eca1a4e396ecc32098",
                "sha256:4d45dbe4b21a9679c3e8b3f7f4f42a45a7d3ddff8a4a16109dff0e1da30a35b2",
                "sha256:53c27bd452e0f1bc4bfed07ceb235663a1df7c74df08e37fd6b03eb89454946a",
                "sha256:55e74faf8359ddda43fee01bffbc5bd99d96ea508d8a08c527099e84eb708f45",
                "sha256:59789a7d06c742e9d13b883d5e3569188c16acb02eeed2510fd3bfdbc1bd1530",
                "sha256:5b650dbbc0969a4e226d98a0b440c2f07a850896aed9266b6fedc0f7e7834108",
                "sha256:66daa16952d5bf0c9d5389c5e9df562922a59bd16d77e2a276e575d32e38afd1",
                "sha256:6e760cf01259a1c0a50f3c845f9cad1af30577fd8b670339b1659c6d0e7a41dd",
                "sha256:7502539939b53d7565f3d11d87c78e7ec900d3c72945d4ee0e2f250d598309a0",
                "sha256:769a7f131a2f43752455cc72f9f7a093c3ff3856bf976c5fb53a59d0ccc704f6",
                "sha256:7c150dbbb4a94ea4825d1e5f2c5501af7141ea95825fadd7829f9b11c97aaf6c",
                "sha256:8844217cdf66eabe39567118f229e275f0727e9195635a15e0e4b9227458daaf",
                "sha256:8a66fe50386162df2da701b3722781cbe90ce043e7d53c1fd6bd801bca6b48d4",
                "sha256:9370d6744d379f2de5d7fa95cdbd3a4d92f0b0ef29609b4b1687f16bc197063d",
                "sha256:937a54e5694684f74dcbf6e24cc453bfc5b33940216ddd8f4cd8f0f79167f765",
                "sha256:9c857532c719fb30fafabd2371ce9b7031812ff3889d75273827633bca0c4602",
                "sha256:a4165205a13b16a29e1ac57efeee6be2dfd5b5408122d59ef2145bc3239fa340",
                "sha256:b3fe2ff1e1715d4475d7e2c3e8dabd7c025f4410f79513b4ff2de3d51ce0fa9c",
                "sha256:b6617221ff08fbd3b7a811950b5c3f9367f6e941b86259843eab77c8e3d2b56b",
                "sha256:b761727ed7d593e49671d1827044b942dd2f4caae6e51bab144d4accf8244a84",
                "sha256:baf3be0b9446a4083cc0c5bb9f9c964034be5374b5bc09757be89f5d2fa247b8",
                "sha256:c17770a62a71718a74b7548098a74cd6880be16bcfff5f937f900ead90ca8e92",
                "sha256:c67db410508b9de9c4694c57ed754b65a460e4812126e87f5052ecf23a011a54",
                "sha256:d78ca526a559fb84faaaf84da2dd4addef5edb109db8b81677c0bb1aad342601",
                "sha256:e9ed59d1b6ee837f4515b9584f3d26cf0388b742a11ecdae0d9237a94505d03a",
                "sha256:f054b020c4d7e9786ae0404278ea318768eb123403b18453e28e47cdb7a0a4bf",
                "sha256:f372d0f08eff1475ef426344efe42493f71f377ec52237bf153c5713de987251",
                "sha256:f3f6a6034140e9e17e9abc175fc7a266a6e63652028e157750bd98e804a8ed9a",
                "sha256:ffde4c6fabb52891d81606411cbfaf77756e3b561b566efd270b3ed3791fde4e"
            ],
            "markers": "python_version >= '3.7'",
            "version": "==9.1.1"
        },
        "pyrsistent": {
            "hashes": [
                "sha256:28669905fe725965daa16184933676547c5bb40a5153055a8dee2a4bd7933ad3"
            ],
            "index": "pypi",
            "version": "==0.16.0"
        },
        "pytesseract": {
            "hashes": [
                "sha256:afd8a5cdf8ab5d35690efbe71cbf5f89419f668ea8dde7649149815d5c5a899a"
            ],
            "index": "pypi",
            "version": "==0.3.4"
        },
        "reportlab": {
            "hashes": [
                "sha256:0f0c2d98e213d51ae527c0301364d3376cb05f6c47251368a9abd4c3197fcefa",
                "sha256:1425c7ea60b8691a881ae21ea0f6907a1dc480d84204ccbfea6da41fbee8f594",
                "sha256:204f1d245875ab3d076b37c1a18ac8d2e3222842e13cfa282bcd95282be239e5",
                "sha256:21627b57249303bf9b5a633099d058ae9f8625fd6f90cfe79348c48fd5a242cd",
                "sha256:2e8e3242f80b79f2470f1b5979abbdb41f31b1333543b830749100342f837d40",
                "sha256:2eced06dec3f36135c626b9823649ef9cac95c5634d1bc743a15ee470027483b",
                "sha256:3472aa0b74a3b2f252dce823f3c3ba6af8a24de0c1729441deaaf50bed6de9f9",
                "sha256:3f0353ffefd3afc0061f4794ef608d6c6f32e69816885f4d45c625c20d8eaf5b",
                "sha256:4a9f4540a8eddf56d900ceeb8136bd0ca866c208ba3dcbcde73f07405dbadfba",
                "sha256:4eea1afb4aa89780734f44175508edff82928fdf460c9bd60bc719dd99041dc3",
                "sha256:5803ffebd36de1ada417f50ce65d379ea5a0bf1a2e8f5d5710a031b3b349b726",
                "sha256:58f5f72fc8e5932dedcf24789908a81c6b1e13ea4d63bd9a9a39dc698d8c3321",
                "sha256:5b588e5f251c76a8d3589023d1c369c7968e0efe2b38ad5948f665edbf6f9e8b",
                "sha256:5d922768fe11a58d80694852aba7389d613c15eb1871c5581a2f075996873d57",
                "sha256:5d98f297c5cdd5bc0ccf5697c20b03602ee3378c97938d20312662b27cd9a1d6",
                "sha256:66d1d96e97a562614943ecb9daf438e392b3d0b033bd5f4a8098ab616dd877da",
                "sha256:670650970c7ba7164cf6340bcd182e7e933eff5d65183af98ee77b40cc25a438",
                "sha256:67bb95af7bc8ad7925d299f310d15d556d3e7026fe1b60d8e290454604ae0a85",
                "sha256:9c999f5d1a600c4970ba293789b6da14e02e3763a8d3d9abe42dcafa8a5318e9",
                "sha256:9d62bef5347063a984e63410fa5a69f1d2cc2fdf8d6ed3d0b9d4ea2ccb4b4154",
                "sha256:a14a0d603727b6be2e549c52dd42678ab2d06d2721d4580199e3161843e59298",
                "sha256:a3a17b46ff1a15eb29370e11796d8914ef4ea67471bdbc4aa9a9eb9284f4e44c",
                "sha256:a6d3e20beeba3fd68cec73b8c0785bfa648c06ac76d1f142c60ccb1a8d2506b6",
                "sha256:ad7d7003c732f2be42580e3906e92bd9d2aca5e098898c597554be9ca627fad5",
                "sha256:af0ee7b50b85543b68b043e61271963ff5671e564e1d620a404c24a24d4f537c",
                "sha256:b3eec55274f5ead7e3af2bf0c01b481ffe1b4c6a7dae42b63d85543e9f2f9a0f",
                "sha256:b48c21d43a7ab956954591ce3f71db92ce542bb7428db09734425e2b77ac3142",
                "sha256:b761905ab85beb79cf7929c9a019f30ad65664e5733d57a30a995e7b9bef06d1",
                "sha256:bbae2f054d0f234c3382076efa337802997aca0f3f664e314f65eefb9d694fa9",
                "sha256:bd4157d0bc40fb72bb676fc745fdd648022cccaf4ccfbb291af7f48831d0d5d9",
                "sha256:bf74cfabf332034f42a54938eb335543cbf92790170300dbe236ba83b7601cd0",
                "sha256:c253c8571db2df3886e390a2bfbe917222953054f4643437373b824f64b013cd",
                "sha256:ce1277a6acbc62e9966f410f2596ac533ee0cd5df9b69d5fe4406338a169b7d8",
                "sha256:ce8f56987e0e456063e311f066a81496b8b9626c846f2cb0ebb554d1a5f40839",
                "sha256:d6264a0589ba8032d9c3bdca9a3e87a897ede09b7f6a8ad5e83b57573212e01e",
                "sha256:e6fa0c97e3929d00db27e8cf3b2b5771e94f5f179086c4b0e3213dff53637372",
                "sha256:f0930f2b6dddd477b3331ec670171a4662336aac1a778e1a30e980a5cbf40b17",
                "sha256:f8cb2b4b925ca6b6e4fdefd288a707776ac686c45034f34d4c952f122d11c40b",
                "sha256:f9b71539f518323d95850405c49c01fc3d2f0f0b9f3e157de6d2786804fb28a4",
                "sha256:fc488e661f99c915362e0373218f8727cecf888eb1b0eb3a8fe1af624a1b9776"
            ],
            "index": "pypi",
            "version": "==3.5.44"
        },
        "six": {
            "hashes": [
                "sha256:1e61c37477a1626458e36f7b1d82aa5c9b094fa4802892072e49de9c60c4c926",
                "sha256:8abb2f1d86890a2dfb989f9a77cfcfd3e47c2a354b01111771326f8aa26e0254"
            ],
            "markers": "python_version >= '2.7' and python_version not in '3.0, 3.1, 3.2, 3.3'",
            "version": "==1.16.0"
        }
    },
    "develop": {}
}
